
Microsoft Visual Studio Solution File, Format Version 12.00
# Visual Studio Version 17
VisualStudioVersion = 17.5.33516.290
MinimumVisualStudioVersion = 10.0.40219.1
Project("{FAE04EC0-301F-11D3-BF4B-00C04F79EFBC}") = "test", "test\test.csproj", "{EDDDB6E0-55CC-4E34-93C8-0FAFD4FE1BEC}"
EndProject
Global
	GlobalSection(SolutionConfigurationPlatforms) = preSolution
		Debug|Any CPU = Debug|Any CPU
		Release|Any CPU = Release|Any CPU
	EndGlobalSection
	GlobalSection(ProjectConfigurationPlatforms) = postSolution
		{EDDDB6E0-55CC-4E34-93C8-0FAFD4FE1BEC}.Debug|Any CPU.ActiveCfg = Debug|Any CPU
		{EDDDB6E0-55CC-4E34-93C8-0FAFD4FE1BEC}.Debug|Any CPU.Build.0 = Debug|Any CPU
		{EDDDB6E0-55CC-4E34-93C8-0FAFD4FE1BEC}.Release|Any CPU.ActiveCfg = Release|Any CPU
		{EDDDB6E0-55CC-4E34-93C8-0FAFD4FE1BEC}.Release|Any CPU.Build.0 = Release|Any CPU
	EndGlobalSection
	GlobalSection(SolutionProperties) = preSolution
		HideSolutionNode = FALSE
	EndGlobalSection
	GlobalSection(ExtensibilityGlobals) = postSolution
		SolutionGuid = {CDA17423-34B4-4F04-BF22-AB87E731BB41}
	EndGlobalSection
EndGlobal
